
Microsoft Visual Studio Solution File, Format Version 12.00
# Visual Studio Version 16
VisualStudioVersion = 16.0.29326.143
MinimumVisualStudioVersion = 10.0.40219.1
Project("{FAE04EC0-301F-11D3-BF4B-00C04F79EFBC}") = "15151565", "15151565.csproj", "{72CCDB87-5991-4598-9B44-8D74229E9E0B}"
EndProject
Global
	GlobalSection(SolutionConfigurationPlatforms) = preSolution
		Debug|Any CPU = Debug|Any CPU
		Release|Any CPU = Release|Any CPU
	EndGlobalSection
	GlobalSection(ProjectConfigurationPlatforms) = postSolution
		{72CCDB87-5991-4598-9B44-8D74229E9E0B}.Debug|Any CPU.ActiveCfg = Debug|Any CPU
		{72CCDB87-5991-4598-9B44-8D74229E9E0B}.Debug|Any CPU.Build.0 = Debug|Any CPU
		{72CCDB87-5991-4598-9B44-8D74229E9E0B}.Release|Any CPU.ActiveCfg = Release|Any CPU
		{72CCDB87-5991-4598-9B44-8D74229E9E0B}.Release|Any CPU.Build.0 = Release|Any CPU
	EndGlobalSection
	GlobalSection(SolutionProperties) = preSolution
		HideSolutionNode = FALSE
	EndGlobalSection
	GlobalSection(ExtensibilityGlobals) = postSolution
		SolutionGuid = {1F95257C-16BF-4746-A037-31D80CD1B11D}
	EndGlobalSection
EndGlobal
